
Microsoft Visual Studio Solution File, Format Version 12.00
# Visual Studio Version 17
VisualStudioVersion = 17.14.36301.6
MinimumVisualStudioVersion = 10.0.40219.1
Project("{FAE04EC0-301F-11D3-BF4B-00C04F79EFBC}") = "GameServers.Api", "GameServersApi\GameServers.Api.csproj", "{89704C18-0409-4572-B567-B69AC478497B}"
EndProject
Project("{FAE04EC0-301F-11D3-BF4B-00C04F79EFBC}") = "GameServers.Application", "GameServers.Application\GameServers.Application.csproj", "{B1274747-56DD-4560-AD0E-1CB4001AEDC5}"
EndProject
Project("{FAE04EC0-301F-11D3-BF4B-00C04F79EFBC}") = "GameServers.Domain", "GameServers.Domain\GameServers.Domain.csproj", "{150A24B7-D7EF-4D7C-9924-4DC02BE13665}"
EndProject
Project("{FAE04EC0-301F-11D3-BF4B-00C04F79EFBC}") = "GameServers.Infrastructure", "GameServers.Infrastructure\GameServers.Infrastructure.csproj", "{A9DF6C17-887F-42A4-955E-31BC0EAFB902}"
EndProject
Global
	GlobalSection(SolutionConfigurationPlatforms) = preSolution
		Debug|Any CPU = Debug|Any CPU
		Release|Any CPU = Release|Any CPU
	EndGlobalSection
	GlobalSection(ProjectConfigurationPlatforms) = postSolution
		{89704C18-0409-4572-B567-B69AC478497B}.Debug|Any CPU.ActiveCfg = Debug|Any CPU
		{89704C18-0409-4572-B567-B69AC478497B}.Debug|Any CPU.Build.0 = Debug|Any CPU
		{89704C18-0409-4572-B567-B69AC478497B}.Release|Any CPU.ActiveCfg = Release|Any CPU
		{89704C18-0409-4572-B567-B69AC478497B}.Release|Any CPU.Build.0 = Release|Any CPU
		{B1274747-56DD-4560-AD0E-1CB4001AEDC5}.Debug|Any CPU.ActiveCfg = Debug|Any CPU
		{B1274747-56DD-4560-AD0E-1CB4001AEDC5}.Debug|Any CPU.Build.0 = Debug|Any CPU
		{B1274747-56DD-4560-AD0E-1CB4001AEDC5}.Release|Any CPU.ActiveCfg = Release|Any CPU
		{B1274747-56DD-4560-AD0E-1CB4001AEDC5}.Release|Any CPU.Build.0 = Release|Any CPU
		{150A24B7-D7EF-4D7C-9924-4DC02BE13665}.Debug|Any CPU.ActiveCfg = Debug|Any CPU
		{150A24B7-D7EF-4D7C-9924-4DC02BE13665}.Debug|Any CPU.Build.0 = Debug|Any CPU
		{150A24B7-D7EF-4D7C-9924-4DC02BE13665}.Release|Any CPU.ActiveCfg = Release|Any CPU
		{150A24B7-D7EF-4D7C-9924-4DC02BE13665}.Release|Any CPU.Build.0 = Release|Any CPU
		{A9DF6C17-887F-42A4-955E-31BC0EAFB902}.Debug|Any CPU.ActiveCfg = Debug|Any CPU
		{A9DF6C17-887F-42A4-955E-31BC0EAFB902}.Debug|Any CPU.Build.0 = Debug|Any CPU
		{A9DF6C17-887F-42A4-955E-31BC0EAFB902}.Release|Any CPU.ActiveCfg = Release|Any CPU
		{A9DF6C17-887F-42A4-955E-31BC0EAFB902}.Release|Any CPU.Build.0 = Release|Any CPU
	EndGlobalSection
	GlobalSection(SolutionProperties) = preSolution
		HideSolutionNode = FALSE
	EndGlobalSection
	GlobalSection(ExtensibilityGlobals) = postSolution
		SolutionGuid = {70C3E343-6849-4D73-BAC0-8810014E449A}
	EndGlobalSection
EndGlobal
